
Microsoft Visual Studio Solution File, Format Version 12.00
# Visual Studio Version 17
VisualStudioVersion = 17.5.002.0
MinimumVisualStudioVersion = 10.0.40219.1
Project("{9A19103F-16F7-4668-BE54-9A1E7A4F7556}") = "Fighting", "Fighting.csproj", "{797E1EBC-EC2D-465A-A3AC-E682F8B23BD9}"
EndProject
Global
	GlobalSection(SolutionConfigurationPlatforms) = preSolution
		Debug|Any CPU = Debug|Any CPU
		Release|Any CPU = Release|Any CPU
	EndGlobalSection
	GlobalSection(ProjectConfigurationPlatforms) = postSolution
		{797E1EBC-EC2D-465A-A3AC-E682F8B23BD9}.Debug|Any CPU.ActiveCfg = Debug|Any CPU
		{797E1EBC-EC2D-465A-A3AC-E682F8B23BD9}.Debug|Any CPU.Build.0 = Debug|Any CPU
		{797E1EBC-EC2D-465A-A3AC-E682F8B23BD9}.Release|Any CPU.ActiveCfg = Release|Any CPU
		{797E1EBC-EC2D-465A-A3AC-E682F8B23BD9}.Release|Any CPU.Build.0 = Release|Any CPU
	EndGlobalSection
	GlobalSection(SolutionProperties) = preSolution
		HideSolutionNode = FALSE
	EndGlobalSection
	GlobalSection(ExtensibilityGlobals) = postSolution
		SolutionGuid = {39B6F0D9-9B96-4862-8A88-1A01EF47C380}
	EndGlobalSection
EndGlobal
